
Microsoft Visual Studio Solution File, Format Version 12.00
# Visual Studio 15
VisualStudioVersion = 15.0.27130.2027
MinimumVisualStudioVersion = 10.0.40219.1
Project("{FAE04EC0-301F-11D3-BF4B-00C04F79EFBC}") = "WUT.ParallelPrograming.EX2", "WUT.ParallelPrograming.EX2\WUT.ParallelPrograming.EX2.csproj", "{FFD42E4C-67E1-4840-B1F3-94B1D24E6666}"
EndProject
Global
	GlobalSection(SolutionConfigurationPlatforms) = preSolution
		Debug|Any CPU = Debug|Any CPU
		Release|Any CPU = Release|Any CPU
	EndGlobalSection
	GlobalSection(ProjectConfigurationPlatforms) = postSolution
		{FFD42E4C-67E1-4840-B1F3-94B1D24E6666}.Debug|Any CPU.ActiveCfg = Debug|Any CPU
		{FFD42E4C-67E1-4840-B1F3-94B1D24E6666}.Debug|Any CPU.Build.0 = Debug|Any CPU
		{FFD42E4C-67E1-4840-B1F3-94B1D24E6666}.Release|Any CPU.ActiveCfg = Release|Any CPU
		{FFD42E4C-67E1-4840-B1F3-94B1D24E6666}.Release|Any CPU.Build.0 = Release|Any CPU
	EndGlobalSection
	GlobalSection(SolutionProperties) = preSolution
		HideSolutionNode = FALSE
	EndGlobalSection
	GlobalSection(ExtensibilityGlobals) = postSolution
		SolutionGuid = {70CDF615-2D02-431D-9864-3883513C06F2}
	EndGlobalSection
EndGlobal
